{
  "originHash" : "f5fc8de1413ffa8243f59f0d7b5bdc33904062e57de820f1401b978166587274",
  "pins" : [
    {
      "identity" : "ctcoredata",
      "kind" : "remoteSourceControl",
      "location" : "https://github.com/cemtelliagaoglu/CTCoreData.git",
      "state" : {
        "branch" : "main",
        "revision" : "bc4a5c1edbccfea8e8ccc2deade8a82072055e73"
      }
    }
  ],
  "version" : 3
}
